
Microsoft Visual Studio Solution File, Format Version 12.00
# Visual Studio Version 16
VisualStudioVersion = 16.0.29306.81
MinimumVisualStudioVersion = 10.0.40219.1
Project("{8BC9CEB8-8B4A-11D0-8D11-00A0C91BC942}") = "dbj_lib_load", "dbj_lib_load.vcxproj", "{78E91BFA-0668-42C3-B8DE-D829690F8FDA}"
EndProject
Global
	GlobalSection(SolutionConfigurationPlatforms) = preSolution
		Debug|x64 = Debug|x64
		Debug|x86 = Debug|x86
		Release|x64 = Release|x64
		Release|x86 = Release|x86
	EndGlobalSection
	GlobalSection(ProjectConfigurationPlatforms) = postSolution
		{78E91BFA-0668-42C3-B8DE-D829690F8FDA}.Debug|x64.ActiveCfg = Debug|x64
		{78E91BFA-0668-42C3-B8DE-D829690F8FDA}.Debug|x64.Build.0 = Debug|x64
		{78E91BFA-0668-42C3-B8DE-D829690F8FDA}.Debug|x86.ActiveCfg = Debug|Win32
		{78E91BFA-0668-42C3-B8DE-D829690F8FDA}.Debug|x86.Build.0 = Debug|Win32
		{78E91BFA-0668-42C3-B8DE-D829690F8FDA}.Release|x64.ActiveCfg = Release|x64
		{78E91BFA-0668-42C3-B8DE-D829690F8FDA}.Release|x64.Build.0 = Release|x64
		{78E91BFA-0668-42C3-B8DE-D829690F8FDA}.Release|x86.ActiveCfg = Release|Win32
		{78E91BFA-0668-42C3-B8DE-D829690F8FDA}.Release|x86.Build.0 = Release|Win32
	EndGlobalSection
	GlobalSection(SolutionProperties) = preSolution
		HideSolutionNode = FALSE
	EndGlobalSection
	GlobalSection(ExtensibilityGlobals) = postSolution
		SolutionGuid = {8DEA7740-DE25-4B37-A3FC-DBAC67802194}
	EndGlobalSection
EndGlobal
